
Microsoft Visual Studio Solution File, Format Version 12.00
# Visual Studio 15
VisualStudioVersion = 15.0.25914.0
MinimumVisualStudioVersion = 10.0.40219.1
Project("{2150E333-8FDC-42A3-9474-1A3956D46DE8}") = "src", "src", "{EC20E96C-EC2C-4379-8717-4062F74D3509}"
EndProject
Project("{2150E333-8FDC-42A3-9474-1A3956D46DE8}") = "Solution Items", "Solution Items", "{F3657360-7C5F-4E66-B14E-414570D166EC}"
	ProjectSection(SolutionItems) = preProject
		global.json = global.json
		nuget.config = nuget.config
	EndProjectSection
EndProject
Project("{9A19103F-16F7-4668-BE54-9A1E7A4F7556}") = "Green.Darts", "src\Green.Darts\Green.Darts.csproj", "{EC1D1EE3-8B29-4B9D-B0E0-0019A9FBC8CE}"
EndProject
Global
	GlobalSection(SolutionConfigurationPlatforms) = preSolution
		Debug|Any CPU = Debug|Any CPU
		Release|Any CPU = Release|Any CPU
	EndGlobalSection
	GlobalSection(ProjectConfigurationPlatforms) = postSolution
		{EC1D1EE3-8B29-4B9D-B0E0-0019A9FBC8CE}.Debug|Any CPU.ActiveCfg = Debug|Any CPU
		{EC1D1EE3-8B29-4B9D-B0E0-0019A9FBC8CE}.Debug|Any CPU.Build.0 = Debug|Any CPU
		{EC1D1EE3-8B29-4B9D-B0E0-0019A9FBC8CE}.Release|Any CPU.ActiveCfg = Debug|Any CPU
		{EC1D1EE3-8B29-4B9D-B0E0-0019A9FBC8CE}.Release|Any CPU.Build.0 = Debug|Any CPU
	EndGlobalSection
	GlobalSection(SolutionProperties) = preSolution
		HideSolutionNode = FALSE
	EndGlobalSection
	GlobalSection(NestedProjects) = preSolution
		{EC1D1EE3-8B29-4B9D-B0E0-0019A9FBC8CE} = {EC20E96C-EC2C-4379-8717-4062F74D3509}
	EndGlobalSection
EndGlobal
